
Microsoft Visual Studio Solution File, Format Version 12.00
# Visual Studio Version 17
VisualStudioVersion = 17.13.35825.156 d17.13
MinimumVisualStudioVersion = 10.0.40219.1
Project("{54A90642-561A-4BB1-A94E-469ADEE60C69}") = "pdf_parser_web_ts.client", "pdf_parser_web_ts.client\pdf_parser_web_ts.client.esproj", "{FC0806C6-0D72-7E5C-D60C-19553A8385FE}"
EndProject
Project("{FAE04EC0-301F-11D3-BF4B-00C04F79EFBC}") = "PDF_Parser_WEB_TS.Server", "PDF_Parser_WEB_TS.Server\PDF_Parser_WEB_TS.Server.csproj", "{9FBB32BE-0807-41EF-83ED-F801D2E5C74F}"
EndProject
Global
	GlobalSection(SolutionConfigurationPlatforms) = preSolution
		Debug|Any CPU = Debug|Any CPU
		Release|Any CPU = Release|Any CPU
	EndGlobalSection
	GlobalSection(ProjectConfigurationPlatforms) = postSolution
		{FC0806C6-0D72-7E5C-D60C-19553A8385FE}.Debug|Any CPU.ActiveCfg = Debug|Any CPU
		{FC0806C6-0D72-7E5C-D60C-19553A8385FE}.Debug|Any CPU.Build.0 = Debug|Any CPU
		{FC0806C6-0D72-7E5C-D60C-19553A8385FE}.Debug|Any CPU.Deploy.0 = Debug|Any CPU
		{FC0806C6-0D72-7E5C-D60C-19553A8385FE}.Release|Any CPU.ActiveCfg = Release|Any CPU
		{FC0806C6-0D72-7E5C-D60C-19553A8385FE}.Release|Any CPU.Build.0 = Release|Any CPU
		{FC0806C6-0D72-7E5C-D60C-19553A8385FE}.Release|Any CPU.Deploy.0 = Release|Any CPU
		{9FBB32BE-0807-41EF-83ED-F801D2E5C74F}.Debug|Any CPU.ActiveCfg = Debug|Any CPU
		{9FBB32BE-0807-41EF-83ED-F801D2E5C74F}.Debug|Any CPU.Build.0 = Debug|Any CPU
		{9FBB32BE-0807-41EF-83ED-F801D2E5C74F}.Release|Any CPU.ActiveCfg = Release|Any CPU
		{9FBB32BE-0807-41EF-83ED-F801D2E5C74F}.Release|Any CPU.Build.0 = Release|Any CPU
	EndGlobalSection
	GlobalSection(SolutionProperties) = preSolution
		HideSolutionNode = FALSE
	EndGlobalSection
	GlobalSection(ExtensibilityGlobals) = postSolution
		SolutionGuid = {4A5A5682-69D2-40A6-9D4C-A272E8F64554}
	EndGlobalSection
EndGlobal
